
Microsoft Visual Studio Solution File, Format Version 12.00
# Visual Studio Version 16
VisualStudioVersion = 16.0.31729.503
MinimumVisualStudioVersion = 10.0.40219.1
Project("{8BC9CEB8-8B4A-11D0-8D11-00A0C91BC942}") = "Lab1_3", "Lab1_3\Lab1_3.vcxproj", "{ADE1AE98-395C-4E30-8C8A-D1D93941E2B5}"
EndProject
Project("{8BC9CEB8-8B4A-11D0-8D11-00A0C91BC942}") = "UnitTest1", "UnitTest1\UnitTest1.vcxproj", "{2F03D6AB-1047-44A7-B225-E583A601991B}"
EndProject
Global
	GlobalSection(SolutionConfigurationPlatforms) = preSolution
		Debug|x64 = Debug|x64
		Debug|x86 = Debug|x86
		Release|x64 = Release|x64
		Release|x86 = Release|x86
	EndGlobalSection
	GlobalSection(ProjectConfigurationPlatforms) = postSolution
		{ADE1AE98-395C-4E30-8C8A-D1D93941E2B5}.Debug|x64.ActiveCfg = Debug|x64
		{ADE1AE98-395C-4E30-8C8A-D1D93941E2B5}.Debug|x64.Build.0 = Debug|x64
		{ADE1AE98-395C-4E30-8C8A-D1D93941E2B5}.Debug|x86.ActiveCfg = Debug|Win32
		{ADE1AE98-395C-4E30-8C8A-D1D93941E2B5}.Debug|x86.Build.0 = Debug|Win32
		{ADE1AE98-395C-4E30-8C8A-D1D93941E2B5}.Release|x64.ActiveCfg = Release|x64
		{ADE1AE98-395C-4E30-8C8A-D1D93941E2B5}.Release|x64.Build.0 = Release|x64
		{ADE1AE98-395C-4E30-8C8A-D1D93941E2B5}.Release|x86.ActiveCfg = Release|Win32
		{ADE1AE98-395C-4E30-8C8A-D1D93941E2B5}.Release|x86.Build.0 = Release|Win32
		{2F03D6AB-1047-44A7-B225-E583A601991B}.Debug|x64.ActiveCfg = Debug|x64
		{2F03D6AB-1047-44A7-B225-E583A601991B}.Debug|x64.Build.0 = Debug|x64
		{2F03D6AB-1047-44A7-B225-E583A601991B}.Debug|x86.ActiveCfg = Debug|Win32
		{2F03D6AB-1047-44A7-B225-E583A601991B}.Debug|x86.Build.0 = Debug|Win32
		{2F03D6AB-1047-44A7-B225-E583A601991B}.Release|x64.ActiveCfg = Release|x64
		{2F03D6AB-1047-44A7-B225-E583A601991B}.Release|x64.Build.0 = Release|x64
		{2F03D6AB-1047-44A7-B225-E583A601991B}.Release|x86.ActiveCfg = Release|Win32
		{2F03D6AB-1047-44A7-B225-E583A601991B}.Release|x86.Build.0 = Release|Win32
	EndGlobalSection
	GlobalSection(SolutionProperties) = preSolution
		HideSolutionNode = FALSE
	EndGlobalSection
	GlobalSection(ExtensibilityGlobals) = postSolution
		SolutionGuid = {0075A522-A637-43C8-80DA-7E056C72098B}
	EndGlobalSection
EndGlobal
